// !$*UTF8*$!
{
	archiveVersion = 1;
	classes = {
	};
	objectVersion = 50;
	objects = {

/* Begin PBXBuildFile section */
		9175AC0020C5ABE2001986AE /* AppDelegate.swift in Sources */ = {isa = PBXBuildFile; fileRef = 9175ABFF20C5ABE2001986AE /* AppDelegate.swift */; };
		9175AC0220C5ABE2001986AE /* ViewController.swift in Sources */ = {isa = PBXBuildFile; fileRef = 9175AC0120C5ABE2001986AE /* ViewController.swift */; };
		9175AC0520C5ABE2001986AE /* Main.storyboard in Resources */ = {isa = PBXBuildFile; fileRef = 9175AC0320C5ABE2001986AE /* Main.storyboard */; };
		9175AC0720C5ABE4001986AE /* Assets.xcassets in Resources */ = {isa = PBXBuildFile; fileRef = 9175AC0620C5ABE4001986AE /* Assets.xcassets */; };
		9175AC0A20C5ABE4001986AE /* LaunchScreen.storyboard in Resources */ = {isa = PBXBuildFile; fileRef = 9175AC0820C5ABE4001986AE /* LaunchScreen.storyboard */; };
		9175AC1220C5AD54001986AE /* FuudelModel.swift in Sources */ = {isa = PBXBuildFile; fileRef = 9175AC1120C5AD54001986AE /* FuudelModel.swift */; };
		9175AC1420C5AD62001986AE /* FuudelTableViewCell.xib in Resources */ = {isa = PBXBuildFile; fileRef = 9175AC1320C5AD61001986AE /* FuudelTableViewCell.xib */; };
		9175AC1620C5ADD6001986AE /* FuudelTableViewCell.swift in Sources */ = {isa = PBXBuildFile; fileRef = 9175AC1520C5ADD6001986AE /* FuudelTableViewCell.swift */; };
		9175AC1E20C5B14A001986AE /* AUIAutoGrowingTextView.m in Sources */ = {isa = PBXBuildFile; fileRef = 9175AC1D20C5B14A001986AE /* AUIAutoGrowingTextView.m */; };
		9175AC2120C5B1B6001986AE /* CreteItemController.swift in Sources */ = {isa = PBXBuildFile; fileRef = 9175AC2020C5B1B5001986AE /* CreteItemController.swift */; };
/* End PBXBuildFile section */

/* Begin PBXFileReference section */
		9175ABFC20C5ABE2001986AE /* Fuudel.app */ = {isa = PBXFileReference; explicitFileType = wrapper.application; includeInIndex = 0; path = Fuudel.app; sourceTree = BUILT_PRODUCTS_DIR; };
		9175ABFF20C5ABE2001986AE /* AppDelegate.swift */ = {isa = PBXFileReference; lastKnownFileType = sourcecode.swift; path = AppDelegate.swift; sourceTree = "<group>"; };
		9175AC0120C5ABE2001986AE /* ViewController.swift */ = {isa = PBXFileReference; lastKnownFileType = sourcecode.swift; path = ViewController.swift; sourceTree = "<group>"; };
		9175AC0420C5ABE2001986AE /* Base */ = {isa = PBXFileReference; lastKnownFileType = file.storyboard; name = Base; path = Base.lproj/Main.storyboard; sourceTree = "<group>"; };
		9175AC0620C5ABE4001986AE /* Assets.xcassets */ = {isa = PBXFileReference; lastKnownFileType = folder.assetcatalog; path = Assets.xcassets; sourceTree = "<group>"; };
		9175AC0920C5ABE4001986AE /* Base */ = {isa = PBXFileReference; lastKnownFileType = file.storyboard; name = Base; path = Base.lproj/LaunchScreen.storyboard; sourceTree = "<group>"; };
		9175AC0B20C5ABE4001986AE /* Info.plist */ = {isa = PBXFileReference; lastKnownFileType = text.plist.xml; path = Info.plist; sourceTree = "<group>"; };
		9175AC1120C5AD54001986AE /* FuudelModel.swift */ = {isa = PBXFileReference; fileEncoding = 4; lastKnownFileType = sourcecode.swift; path = FuudelModel.swift; sourceTree = "<group>"; };
		9175AC1320C5AD61001986AE /* FuudelTableViewCell.xib */ = {isa = PBXFileReference; fileEncoding = 4; lastKnownFileType = file.xib; path = FuudelTableViewCell.xib; sourceTree = "<group>"; };
		9175AC1520C5ADD6001986AE /* FuudelTableViewCell.swift */ = {isa = PBXFileReference; fileEncoding = 4; lastKnownFileType = sourcecode.swift; path = FuudelTableViewCell.swift; sourceTree = "<group>"; };
		9175AC1C20C5B14A001986AE /* AUIAutoGrowingTextView.h */ = {isa = PBXFileReference; fileEncoding = 4; lastKnownFileType = sourcecode.c.h; path = AUIAutoGrowingTextView.h; sourceTree = "<group>"; };
		9175AC1D20C5B14A001986AE /* AUIAutoGrowingTextView.m */ = {isa = PBXFileReference; fileEncoding = 4; lastKnownFileType = sourcecode.c.objc; path = AUIAutoGrowingTextView.m; sourceTree = "<group>"; };
		9175AC1F20C5B157001986AE /* Fuudel-Bridging-Header.h */ = {isa = PBXFileReference; lastKnownFileType = sourcecode.c.h; path = "Fuudel-Bridging-Header.h"; sourceTree = "<group>"; };
		9175AC2020C5B1B5001986AE /* CreteItemController.swift */ = {isa = PBXFileReference; fileEncoding = 4; lastKnownFileType = sourcecode.swift; path = CreteItemController.swift; sourceTree = "<group>"; };
/* End PBXFileReference section */

/* Begin PBXFrameworksBuildPhase section */
		9175ABF920C5ABE2001986AE /* Frameworks */ = {
			isa = PBXFrameworksBuildPhase;
			buildActionMask = 2147483647;
			files = (
			);
			runOnlyForDeploymentPostprocessing = 0;
		};
/* End PBXFrameworksBuildPhase section */

/* Begin PBXGroup section */
		9175ABF320C5ABE2001986AE = {
			isa = PBXGroup;
			children = (
				9175AC1F20C5B157001986AE /* Fuudel-Bridging-Header.h */,
				9175ABFE20C5ABE2001986AE /* Fuudel */,
				9175ABFD20C5ABE2001986AE /* Products */,
			);
			sourceTree = "<group>";
		};
		9175ABFD20C5ABE2001986AE /* Products */ = {
			isa = PBXGroup;
			children = (
				9175ABFC20C5ABE2001986AE /* Fuudel.app */,
			);
			name = Products;
			sourceTree = "<group>";
		};
		9175ABFE20C5ABE2001986AE /* Fuudel */ = {
			isa = PBXGroup;
			children = (
				9175ABFF20C5ABE2001986AE /* AppDelegate.swift */,
				9175AC1A20C5ADFE001986AE /* Controller */,
				9175AC1920C5ADF5001986AE /* View */,
				9175AC1820C5ADEB001986AE /* Model */,
				9175AC1720C5ADE0001986AE /* Xib */,
				9175AC0320C5ABE2001986AE /* Main.storyboard */,
				9175AC0620C5ABE4001986AE /* Assets.xcassets */,
				9175AC0820C5ABE4001986AE /* LaunchScreen.storyboard */,
				9175AC0B20C5ABE4001986AE /* Info.plist */,
			);
			path = Fuudel;
			sourceTree = "<group>";
		};
		9175AC1720C5ADE0001986AE /* Xib */ = {
			isa = PBXGroup;
			children = (
				9175AC1320C5AD61001986AE /* FuudelTableViewCell.xib */,
			);
			path = Xib;
			sourceTree = "<group>";
		};
		9175AC1820C5ADEB001986AE /* Model */ = {
			isa = PBXGroup;
			children = (
				9175AC1120C5AD54001986AE /* FuudelModel.swift */,
			);
			path = Model;
			sourceTree = "<group>";
		};
		9175AC1920C5ADF5001986AE /* View */ = {
			isa = PBXGroup;
			children = (
				9175AC1B20C5B14A001986AE /* AutoGrowingTextView */,
				9175AC1520C5ADD6001986AE /* FuudelTableViewCell.swift */,
			);
			path = View;
			sourceTree = "<group>";
		};
		9175AC1A20C5ADFE001986AE /* Controller */ = {
			isa = PBXGroup;
			children = (
				9175AC0120C5ABE2001986AE /* ViewController.swift */,
				9175AC2020C5B1B5001986AE /* CreteItemController.swift */,
			);
			path = Controller;
			sourceTree = "<group>";
		};
		9175AC1B20C5B14A001986AE /* AutoGrowingTextView */ = {
			isa = PBXGroup;
			children = (
				9175AC1C20C5B14A001986AE /* AUIAutoGrowingTextView.h */,
				9175AC1D20C5B14A001986AE /* AUIAutoGrowingTextView.m */,
			);
			path = AutoGrowingTextView;
			sourceTree = "<group>";
		};
/* End PBXGroup section */

/* Begin PBXNativeTarget section */
		9175ABFB20C5ABE2001986AE /* Fuudel */ = {
			isa = PBXNativeTarget;
			buildConfigurationList = 9175AC0E20C5ABE4001986AE /* Build configuration list for PBXNativeTarget "Fuudel" */;
			buildPhases = (
				9175ABF820C5ABE2001986AE /* Sources */,
				9175ABF920C5ABE2001986AE /* Frameworks */,
				9175ABFA20C5ABE2001986AE /* Resources */,
			);
			buildRules = (
			);
			dependencies = (
			);
			name = Fuudel;
			productName = Fuudel;
			productReference = 9175ABFC20C5ABE2001986AE /* Fuudel.app */;
			productType = "com.apple.product-type.application";
		};
/* End PBXNativeTarget section */

/* Begin PBXProject section */
		9175ABF420C5ABE2001986AE /* Project object */ = {
			isa = PBXProject;
			attributes = {
				LastSwiftUpdateCheck = 0930;
				LastUpgradeCheck = 0930;
				ORGANIZATIONNAME = "Zert Interactive";
				TargetAttributes = {
					9175ABFB20C5ABE2001986AE = {
						CreatedOnToolsVersion = 9.3;
					};
				};
			};
			buildConfigurationList = 9175ABF720C5ABE2001986AE /* Build configuration list for PBXProject "Fuudel" */;
			compatibilityVersion = "Xcode 9.3";
			developmentRegion = en;
			hasScannedForEncodings = 0;
			knownRegions = (
				en,
				Base,
			);
			mainGroup = 9175ABF320C5ABE2001986AE;
			productRefGroup = 9175ABFD20C5ABE2001986AE /* Products */;
			projectDirPath = "";
			projectRoot = "";
			targets = (
				9175ABFB20C5ABE2001986AE /* Fuudel */,
			);
		};
/* End PBXProject section */

/* Begin PBXResourcesBuildPhase section */
		9175ABFA20C5ABE2001986AE /* Resources */ = {
			isa = PBXResourcesBuildPhase;
			buildActionMask = 2147483647;
			files = (
				9175AC1420C5AD62001986AE /* FuudelTableViewCell.xib in Resources */,
				9175AC0A20C5ABE4001986AE /* LaunchScreen.storyboard in Resources */,
				9175AC0720C5ABE4001986AE /* Assets.xcassets in Resources */,
				9175AC0520C5ABE2001986AE /* Main.storyboard in Resources */,
			);
			runOnlyForDeploymentPostprocessing = 0;
		};
/* End PBXResourcesBuildPhase section */

/* Begin PBXSourcesBuildPhase section */
		9175ABF820C5ABE2001986AE /* Sources */ = {
			isa = PBXSourcesBuildPhase;
			buildActionMask = 2147483647;
			files = (
				9175AC2120C5B1B6001986AE /* CreteItemController.swift in Sources */,
				9175AC1620C5ADD6001986AE /* FuudelTableViewCell.swift in Sources */,
				9175AC1E20C5B14A001986AE /* AUIAutoGrowingTextView.m in Sources */,
				9175AC0220C5ABE2001986AE /* ViewController.swift in Sources */,
				9175AC0020C5ABE2001986AE /* AppDelegate.swift in Sources */,
				9175AC1220C5AD54001986AE /* FuudelModel.swift in Sources */,
			);
			runOnlyForDeploymentPostprocessing = 0;
		};
/* End PBXSourcesBuildPhase section */

/* Begin PBXVariantGroup section */
		9175AC0320C5ABE2001986AE /* Main.storyboard */ = {
			isa = PBXVariantGroup;
			children = (
				9175AC0420C5ABE2001986AE /* Base */,
			);
			name = Main.storyboard;
			sourceTree = "<group>";
		};
		9175AC0820C5ABE4001986AE /* LaunchScreen.storyboard */ = {
			isa = PBXVariantGroup;
			children = (
				9175AC0920C5ABE4001986AE /* Base */,
			);
			name = LaunchScreen.storyboard;
			sourceTree = "<group>";
		};
/* End PBXVariantGroup section */

/* Begin XCBuildConfiguration section */
		9175AC0C20C5ABE4001986AE /* Debug */ = {
			isa = XCBuildConfiguration;
			buildSettings = {
				ALWAYS_SEARCH_USER_PATHS = NO;
				CLANG_ANALYZER_NONNULL = YES;
				CLANG_ANALYZER_NUMBER_OBJECT_CONVERSION = YES_AGGRESSIVE;
				CLANG_CXX_LANGUAGE_STANDARD = "gnu++14";
				CLANG_CXX_LIBRARY = "libc++";
				CLANG_ENABLE_MODULES = YES;
				CLANG_ENABLE_OBJC_ARC = YES;
				CLANG_ENABLE_OBJC_WEAK = YES;
				CLANG_WARN_BLOCK_CAPTURE_AUTORELEASING = YES;
				CLANG_WARN_BOOL_CONVERSION = YES;
				CLANG_WARN_COMMA = YES;
				CLANG_WARN_CONSTANT_CONVERSION = YES;
				CLANG_WARN_DEPRECATED_OBJC_IMPLEMENTATIONS = YES;
				CLANG_WARN_DIRECT_OBJC_ISA_USAGE = YES_ERROR;
				CLANG_WARN_DOCUMENTATION_COMMENTS = YES;
				CLANG_WARN_EMPTY_BODY = YES;
				CLANG_WARN_ENUM_CONVERSION = YES;
				CLANG_WARN_INFINITE_RECURSION = YES;
				CLANG_WARN_INT_CONVERSION = YES;
				CLANG_WARN_NON_LITERAL_NULL_CONVERSION = YES;
				CLANG_WARN_OBJC_IMPLICIT_RETAIN_SELF = YES;
				CLANG_WARN_OBJC_LITERAL_CONVERSION = YES;
				CLANG_WARN_OBJC_ROOT_CLASS = YES_ERROR;
				CLANG_WARN_RANGE_LOOP_ANALYSIS = YES;
				CLANG_WARN_STRICT_PROTOTYPES = YES;
				CLANG_WARN_SUSPICIOUS_MOVE = YES;
				CLANG_WARN_UNGUARDED_AVAILABILITY = YES_AGGRESSIVE;
				CLANG_WARN_UNREACHABLE_CODE = YES;
				CLANG_WARN__DUPLICATE_METHOD_MATCH = YES;
				CODE_SIGN_IDENTITY = "iPhone Developer";
				COPY_PHASE_STRIP = NO;
				DEBUG_INFORMATION_FORMAT = dwarf;
				ENABLE_STRICT_OBJC_MSGSEND = YES;
				ENABLE_TESTABILITY = YES;
				GCC_C_LANGUAGE_STANDARD = gnu11;
				GCC_DYNAMIC_NO_PIC = NO;
				GCC_NO_COMMON_BLOCKS = YES;
				GCC_OPTIMIZATION_LEVEL = 0;
				GCC_PREPROCESSOR_DEFINITIONS = (
					"DEBUG=1",
					"$(inherited)",
				);
				GCC_WARN_64_TO_32_BIT_CONVERSION = YES;
				GCC_WARN_ABOUT_RETURN_TYPE = YES_ERROR;
				GCC_WARN_UNDECLARED_SELECTOR = YES;
				GCC_WARN_UNINITIALIZED_AUTOS = YES_AGGRESSIVE;
				GCC_WARN_UNUSED_FUNCTION = YES;
				GCC_WARN_UNUSED_VARIABLE = YES;
				IPHONEOS_DEPLOYMENT_TARGET = 11.3;
				MTL_ENABLE_DEBUG_INFO = YES;
				ONLY_ACTIVE_ARCH = YES;
				SDKROOT = iphoneos;
				SWIFT_ACTIVE_COMPILATION_CONDITIONS = DEBUG;
				SWIFT_OPTIMIZATION_LEVEL = "-Onone";
			};
			name = Debug;
		};
		9175AC0D20C5ABE4001986AE /* Release */ = {
			isa = XCBuildConfiguration;
			buildSettings = {
				ALWAYS_SEARCH_USER_PATHS = NO;
				CLANG_ANALYZER_NONNULL = YES;
				CLANG_ANALYZER_NUMBER_OBJECT_CONVERSION = YES_AGGRESSIVE;
				CLANG_CXX_LANGUAGE_STANDARD = "gnu++14";
				CLANG_CXX_LIBRARY = "libc++";
				CLANG_ENABLE_MODULES = YES;
				CLANG_ENABLE_OBJC_ARC = YES;
				CLANG_ENABLE_OBJC_WEAK = YES;
				CLANG_WARN_BLOCK_CAPTURE_AUTORELEASING = YES;
				CLANG_WARN_BOOL_CONVERSION = YES;
				CLANG_WARN_COMMA = YES;
				CLANG_WARN_CONSTANT_CONVERSION = YES;
				CLANG_WARN_DEPRECATED_OBJC_IMPLEMENTATIONS = YES;
				CLANG_WARN_DIRECT_OBJC_ISA_USAGE = YES_ERROR;
				CLANG_WARN_DOCUMENTATION_COMMENTS = YES;
				CLANG_WARN_EMPTY_BODY = YES;
				CLANG_WARN_ENUM_CONVERSION = YES;
				CLANG_WARN_INFINITE_RECURSION = YES;
				CLANG_WARN_INT_CONVERSION = YES;
				CLANG_WARN_NON_LITERAL_NULL_CONVERSION = YES;
				CLANG_WARN_OBJC_IMPLICIT_RETAIN_SELF = YES;
				CLANG_WARN_OBJC_LITERAL_CONVERSION = YES;
				CLANG_WARN_OBJC_ROOT_CLASS = YES_ERROR;
				CLANG_WARN_RANGE_LOOP_ANALYSIS = YES;
				CLANG_WARN_STRICT_PROTOTYPES = YES;
				CLANG_WARN_SUSPICIOUS_MOVE = YES;
				CLANG_WARN_UNGUARDED_AVAILABILITY = YES_AGGRESSIVE;
				CLANG_WARN_UNREACHABLE_CODE = YES;
				CLANG_WARN__DUPLICATE_METHOD_MATCH = YES;
				CODE_SIGN_IDENTITY = "iPhone Developer";
				COPY_PHASE_STRIP = NO;
				DEBUG_INFORMATION_FORMAT = "dwarf-with-dsym";
				ENABLE_NS_ASSERTIONS = NO;
				ENABLE_STRICT_OBJC_MSGSEND = YES;
				GCC_C_LANGUAGE_STANDARD = gnu11;
				GCC_NO_COMMON_BLOCKS = YES;
				GCC_WARN_64_TO_32_BIT_CONVERSION = YES;
				GCC_WARN_ABOUT_RETURN_TYPE = YES_ERROR;
				GCC_WARN_UNDECLARED_SELECTOR = YES;
				GCC_WARN_UNINITIALIZED_AUTOS = YES_AGGRESSIVE;
				GCC_WARN_UNUSED_FUNCTION = YES;
				GCC_WARN_UNUSED_VARIABLE = YES;
				IPHONEOS_DEPLOYMENT_TARGET = 11.3;
				MTL_ENABLE_DEBUG_INFO = NO;
				SDKROOT = iphoneos;
				SWIFT_COMPILATION_MODE = wholemodule;
				SWIFT_OPTIMIZATION_LEVEL = "-O";
				VALIDATE_PRODUCT = YES;
			};
			name = Release;
		};
		9175AC0F20C5ABE4001986AE /* Debug */ = {
			isa = XCBuildConfiguration;
			buildSettings = {
				ASSETCATALOG_COMPILER_APPICON_NAME = AppIcon;
				CODE_SIGN_STYLE = Automatic;
				INFOPLIST_FILE = Fuudel/Info.plist;
				LD_RUNPATH_SEARCH_PATHS = (
					"$(inherited)",
					"@executable_path/Frameworks",
				);
				PRODUCT_BUNDLE_IDENTIFIER = "com.digitech-labs.Fuudel";
				PRODUCT_NAME = "$(TARGET_NAME)";
				SWIFT_OBJC_BRIDGING_HEADER = "Fuudel-Bridging-Header.h";
				SWIFT_VERSION = 4.0;
				TARGETED_DEVICE_FAMILY = "1,2";
			};
			name = Debug;
		};
		9175AC1020C5ABE4001986AE /* Release */ = {
			isa = XCBuildConfiguration;
			buildSettings = {
				ASSETCATALOG_COMPILER_APPICON_NAME = AppIcon;
				CODE_SIGN_STYLE = Automatic;
				INFOPLIST_FILE = Fuudel/Info.plist;
				LD_RUNPATH_SEARCH_PATHS = (
					"$(inherited)",
					"@executable_path/Frameworks",
				);
				PRODUCT_BUNDLE_IDENTIFIER = "com.digitech-labs.Fuudel";
				PRODUCT_NAME = "$(TARGET_NAME)";
				SWIFT_OBJC_BRIDGING_HEADER = "Fuudel-Bridging-Header.h";
				SWIFT_VERSION = 4.0;
				TARGETED_DEVICE_FAMILY = "1,2";
			};
			name = Release;
		};
/* End XCBuildConfiguration section */

/* Begin XCConfigurationList section */
		9175ABF720C5ABE2001986AE /* Build configuration list for PBXProject "Fuudel" */ = {
			isa = XCConfigurationList;
			buildConfigurations = (
				9175AC0C20C5ABE4001986AE /* Debug */,
				9175AC0D20C5ABE4001986AE /* Release */,
			);
			defaultConfigurationIsVisible = 0;
			defaultConfigurationName = Release;
		};
		9175AC0E20C5ABE4001986AE /* Build configuration list for PBXNativeTarget "Fuudel" */ = {
			isa = XCConfigurationList;
			buildConfigurations = (
				9175AC0F20C5ABE4001986AE /* Debug */,
				9175AC1020C5ABE4001986AE /* Release */,
			);
			defaultConfigurationIsVisible = 0;
			defaultConfigurationName = Release;
		};
/* End XCConfigurationList section */
	};
	rootObject = 9175ABF420C5ABE2001986AE /* Project object */;
}
